
Microsoft Visual Studio Solution File, Format Version 12.00
# Visual Studio Version 17
VisualStudioVersion = 17.11.35222.181
MinimumVisualStudioVersion = 10.0.40219.1
Project("{FAE04EC0-301F-11D3-BF4B-00C04F79EFBC}") = "Week3", "Week3\Week3.csproj", "{EA3525B8-87EB-47EA-A746-8E8338C575AB}"
EndProject
Project("{FAE04EC0-301F-11D3-BF4B-00C04F79EFBC}") = "OddOrEven", "OddOrEven\OddOrEven.csproj", "{16AA2140-5F66-4A3C-99F3-468897670FF7}"
EndProject
Project("{FAE04EC0-301F-11D3-BF4B-00C04F79EFBC}") = "ifDayOfTheWeek", "ifDayOfTheWeek\ifDayOfTheWeek.csproj", "{86578082-EBB0-4496-B3C3-8BDD688CC4A8}"
EndProject
Global
	GlobalSection(SolutionConfigurationPlatforms) = preSolution
		Debug|Any CPU = Debug|Any CPU
		Release|Any CPU = Release|Any CPU
	EndGlobalSection
	GlobalSection(ProjectConfigurationPlatforms) = postSolution
		{EA3525B8-87EB-47EA-A746-8E8338C575AB}.Debug|Any CPU.ActiveCfg = Debug|Any CPU
		{EA3525B8-87EB-47EA-A746-8E8338C575AB}.Debug|Any CPU.Build.0 = Debug|Any CPU
		{EA3525B8-87EB-47EA-A746-8E8338C575AB}.Release|Any CPU.ActiveCfg = Release|Any CPU
		{EA3525B8-87EB-47EA-A746-8E8338C575AB}.Release|Any CPU.Build.0 = Release|Any CPU
		{16AA2140-5F66-4A3C-99F3-468897670FF7}.Debug|Any CPU.ActiveCfg = Debug|Any CPU
		{16AA2140-5F66-4A3C-99F3-468897670FF7}.Debug|Any CPU.Build.0 = Debug|Any CPU
		{16AA2140-5F66-4A3C-99F3-468897670FF7}.Release|Any CPU.ActiveCfg = Release|Any CPU
		{16AA2140-5F66-4A3C-99F3-468897670FF7}.Release|Any CPU.Build.0 = Release|Any CPU
		{86578082-EBB0-4496-B3C3-8BDD688CC4A8}.Debug|Any CPU.ActiveCfg = Debug|Any CPU
		{86578082-EBB0-4496-B3C3-8BDD688CC4A8}.Debug|Any CPU.Build.0 = Debug|Any CPU
		{86578082-EBB0-4496-B3C3-8BDD688CC4A8}.Release|Any CPU.ActiveCfg = Release|Any CPU
		{86578082-EBB0-4496-B3C3-8BDD688CC4A8}.Release|Any CPU.Build.0 = Release|Any CPU
	EndGlobalSection
	GlobalSection(SolutionProperties) = preSolution
		HideSolutionNode = FALSE
	EndGlobalSection
	GlobalSection(ExtensibilityGlobals) = postSolution
		SolutionGuid = {9B811620-6B3F-416E-9822-939D410A9701}
	EndGlobalSection
EndGlobal
